
Microsoft Visual Studio Solution File, Format Version 12.00
# Visual Studio Version 17
VisualStudioVersion = 17.14.36518.9 d17.14
MinimumVisualStudioVersion = 10.0.40219.1
Project("{FAE04EC0-301F-11D3-BF4B-00C04F79EFBC}") = "SentimentAnalysisML", "SentimentAnalysisML\SentimentAnalysisML.csproj", "{C8D93185-50E6-4B33-AB6F-A61F161C827B}"
EndProject
Global
	GlobalSection(SolutionConfigurationPlatforms) = preSolution
		Debug|Any CPU = Debug|Any CPU
		Release|Any CPU = Release|Any CPU
	EndGlobalSection
	GlobalSection(ProjectConfigurationPlatforms) = postSolution
		{C8D93185-50E6-4B33-AB6F-A61F161C827B}.Debug|Any CPU.ActiveCfg = Debug|Any CPU
		{C8D93185-50E6-4B33-AB6F-A61F161C827B}.Debug|Any CPU.Build.0 = Debug|Any CPU
		{C8D93185-50E6-4B33-AB6F-A61F161C827B}.Release|Any CPU.ActiveCfg = Release|Any CPU
		{C8D93185-50E6-4B33-AB6F-A61F161C827B}.Release|Any CPU.Build.0 = Release|Any CPU
	EndGlobalSection
	GlobalSection(SolutionProperties) = preSolution
		HideSolutionNode = FALSE
	EndGlobalSection
	GlobalSection(ExtensibilityGlobals) = postSolution
		SolutionGuid = {AF30F0BD-C7A6-4C4F-9A5A-C63B7B328AF8}
	EndGlobalSection
EndGlobal
